
Microsoft Visual Studio Solution File, Format Version 12.00
# Visual Studio Version 17
VisualStudioVersion = 17.7.34221.43
MinimumVisualStudioVersion = 10.0.40219.1
Project("{FAE04EC0-301F-11D3-BF4B-00C04F79EFBC}") = "PracticaCV_Pablo", "PracticaCV_Pablo\PracticaCV_Pablo.csproj", "{F57AE47A-7511-4E82-9C1F-D0A1AE15E905}"
EndProject
Global
	GlobalSection(SolutionConfigurationPlatforms) = preSolution
		Debug|Any CPU = Debug|Any CPU
		Release|Any CPU = Release|Any CPU
	EndGlobalSection
	GlobalSection(ProjectConfigurationPlatforms) = postSolution
		{F57AE47A-7511-4E82-9C1F-D0A1AE15E905}.Debug|Any CPU.ActiveCfg = Debug|Any CPU
		{F57AE47A-7511-4E82-9C1F-D0A1AE15E905}.Debug|Any CPU.Build.0 = Debug|Any CPU
		{F57AE47A-7511-4E82-9C1F-D0A1AE15E905}.Release|Any CPU.ActiveCfg = Release|Any CPU
		{F57AE47A-7511-4E82-9C1F-D0A1AE15E905}.Release|Any CPU.Build.0 = Release|Any CPU
	EndGlobalSection
	GlobalSection(SolutionProperties) = preSolution
		HideSolutionNode = FALSE
	EndGlobalSection
	GlobalSection(ExtensibilityGlobals) = postSolution
		SolutionGuid = {6E14E62D-A263-49CF-88E8-B3CD2BC09F6B}
	EndGlobalSection
EndGlobal
